// !$*UTF8*$!
{
	archiveVersion = 1;
	classes = {
	};
	objectVersion = 50;
	objects = {

/* Begin PBXBuildFile section */
		1D50A0352147F0D8001BDAF3 /* AppDelegate.swift in Sources */ = {isa = PBXBuildFile; fileRef = 1D50A0342147F0D8001BDAF3 /* AppDelegate.swift */; };
		1D50A03A2147F0D8001BDAF3 /* Main.storyboard in Resources */ = {isa = PBXBuildFile; fileRef = 1D50A0382147F0D8001BDAF3 /* Main.storyboard */; };
		1D50A03C2147F0D9001BDAF3 /* Assets.xcassets in Resources */ = {isa = PBXBuildFile; fileRef = 1D50A03B2147F0D9001BDAF3 /* Assets.xcassets */; };
		1D50A03F2147F0D9001BDAF3 /* LaunchScreen.storyboard in Resources */ = {isa = PBXBuildFile; fileRef = 1D50A03D2147F0D9001BDAF3 /* LaunchScreen.storyboard */; };
		1D50A0472147F78E001BDAF3 /* PhotosViewController.swift in Sources */ = {isa = PBXBuildFile; fileRef = 1D50A0462147F78E001BDAF3 /* PhotosViewController.swift */; };
		1D50A049214809F7001BDAF3 /* PhotoTableViewCell.swift in Sources */ = {isa = PBXBuildFile; fileRef = 1D50A048214809F7001BDAF3 /* PhotoTableViewCell.swift */; };
		1D50A04B21482FE0001BDAF3 /* Extension.swift in Sources */ = {isa = PBXBuildFile; fileRef = 1D50A04A21482FE0001BDAF3 /* Extension.swift */; };
		E45AF3899653B07601725AF8 /* Pods_TumblrDemo.framework in Frameworks */ = {isa = PBXBuildFile; fileRef = CF64EF8E1DB743BD48C61013 /* Pods_TumblrDemo.framework */; };
/* End PBXBuildFile section */

/* Begin PBXFileReference section */
		1D50A0312147F0D8001BDAF3 /* TumblrDemo.app */ = {isa = PBXFileReference; explicitFileType = wrapper.application; includeInIndex = 0; path = TumblrDemo.app; sourceTree = BUILT_PRODUCTS_DIR; };
		1D50A0342147F0D8001BDAF3 /* AppDelegate.swift */ = {isa = PBXFileReference; lastKnownFileType = sourcecode.swift; path = AppDelegate.swift; sourceTree = "<group>"; };
		1D50A0392147F0D8001BDAF3 /* Base */ = {isa = PBXFileReference; lastKnownFileType = file.storyboard; name = Base; path = Base.lproj/Main.storyboard; sourceTree = "<group>"; };
		1D50A03B2147F0D9001BDAF3 /* Assets.xcassets */ = {isa = PBXFileReference; lastKnownFileType = folder.assetcatalog; path = Assets.xcassets; sourceTree = "<group>"; };
		1D50A03E2147F0D9001BDAF3 /* Base */ = {isa = PBXFileReference; lastKnownFileType = file.storyboard; name = Base; path = Base.lproj/LaunchScreen.storyboard; sourceTree = "<group>"; };
		1D50A0402147F0D9001BDAF3 /* Info.plist */ = {isa = PBXFileReference; lastKnownFileType = text.plist.xml; path = Info.plist; sourceTree = "<group>"; };
		1D50A0462147F78E001BDAF3 /* PhotosViewController.swift */ = {isa = PBXFileReference; lastKnownFileType = sourcecode.swift; path = PhotosViewController.swift; sourceTree = "<group>"; };
		1D50A048214809F7001BDAF3 /* PhotoTableViewCell.swift */ = {isa = PBXFileReference; lastKnownFileType = sourcecode.swift; path = PhotoTableViewCell.swift; sourceTree = "<group>"; };
		1D50A04A21482FE0001BDAF3 /* Extension.swift */ = {isa = PBXFileReference; lastKnownFileType = sourcecode.swift; path = Extension.swift; sourceTree = "<group>"; };
		6F8F9D0FE6F8FE7A99B3679A /* Pods-TumblrDemo.debug.xcconfig */ = {isa = PBXFileReference; includeInIndex = 1; lastKnownFileType = text.xcconfig; name = "Pods-TumblrDemo.debug.xcconfig"; path = "Pods/Target Support Files/Pods-TumblrDemo/Pods-TumblrDemo.debug.xcconfig"; sourceTree = "<group>"; };
		CF64EF8E1DB743BD48C61013 /* Pods_TumblrDemo.framework */ = {isa = PBXFileReference; explicitFileType = wrapper.framework; includeInIndex = 0; path = Pods_TumblrDemo.framework; sourceTree = BUILT_PRODUCTS_DIR; };
		FC1252B1117B73AE37D5EDEE /* Pods-TumblrDemo.release.xcconfig */ = {isa = PBXFileReference; includeInIndex = 1; lastKnownFileType = text.xcconfig; name = "Pods-TumblrDemo.release.xcconfig"; path = "Pods/Target Support Files/Pods-TumblrDemo/Pods-TumblrDemo.release.xcconfig"; sourceTree = "<group>"; };
/* End PBXFileReference section */

/* Begin PBXFrameworksBuildPhase section */
		1D50A02E2147F0D8001BDAF3 /* Frameworks */ = {
			isa = PBXFrameworksBuildPhase;
			buildActionMask = 2147483647;
			files = (
				E45AF3899653B07601725AF8 /* Pods_TumblrDemo.framework in Frameworks */,
			);
			runOnlyForDeploymentPostprocessing = 0;
		};
/* End PBXFrameworksBuildPhase section */

/* Begin PBXGroup section */
		15235F0DD560504BABFE3C08 /* Pods */ = {
			isa = PBXGroup;
			children = (
				6F8F9D0FE6F8FE7A99B3679A /* Pods-TumblrDemo.debug.xcconfig */,
				FC1252B1117B73AE37D5EDEE /* Pods-TumblrDemo.release.xcconfig */,
			);
			name = Pods;
			sourceTree = "<group>";
		};
		1D50A0282147F0D8001BDAF3 = {
			isa = PBXGroup;
			children = (
				1D50A0332147F0D8001BDAF3 /* TumblrDemo */,
				1D50A0322147F0D8001BDAF3 /* Products */,
				15235F0DD560504BABFE3C08 /* Pods */,
				88CCF1264E428F427F7A1990 /* Frameworks */,
			);
			sourceTree = "<group>";
		};
		1D50A0322147F0D8001BDAF3 /* Products */ = {
			isa = PBXGroup;
			children = (
				1D50A0312147F0D8001BDAF3 /* TumblrDemo.app */,
			);
			name = Products;
			sourceTree = "<group>";
		};
		1D50A0332147F0D8001BDAF3 /* TumblrDemo */ = {
			isa = PBXGroup;
			children = (
				1D50A0462147F78E001BDAF3 /* PhotosViewController.swift */,
				1D50A048214809F7001BDAF3 /* PhotoTableViewCell.swift */,
				1D50A04A21482FE0001BDAF3 /* Extension.swift */,
				1D50A0342147F0D8001BDAF3 /* AppDelegate.swift */,
				1D50A0382147F0D8001BDAF3 /* Main.storyboard */,
				1D50A03B2147F0D9001BDAF3 /* Assets.xcassets */,
				1D50A03D2147F0D9001BDAF3 /* LaunchScreen.storyboard */,
				1D50A0402147F0D9001BDAF3 /* Info.plist */,
			);
			path = TumblrDemo;
			sourceTree = "<group>";
		};
		88CCF1264E428F427F7A1990 /* Frameworks */ = {
			isa = PBXGroup;
			children = (
				CF64EF8E1DB743BD48C61013 /* Pods_TumblrDemo.framework */,
			);
			name = Frameworks;
			sourceTree = "<group>";
		};
/* End PBXGroup section */

/* Begin PBXNativeTarget section */
		1D50A0302147F0D8001BDAF3 /* TumblrDemo */ = {
			isa = PBXNativeTarget;
			buildConfigurationList = 1D50A0432147F0D9001BDAF3 /* Build configuration list for PBXNativeTarget "TumblrDemo" */;
			buildPhases = (
				07BE4CD5AB4611AF1B0EC63F /* [CP] Check Pods Manifest.lock */,
				1D50A02D2147F0D8001BDAF3 /* Sources */,
				1D50A02E2147F0D8001BDAF3 /* Frameworks */,
				1D50A02F2147F0D8001BDAF3 /* Resources */,
				33FF8C7E8FD19E6B203B25AA /* [CP] Embed Pods Frameworks */,
			);
			buildRules = (
			);
			dependencies = (
			);
			name = TumblrDemo;
			productName = TumblrDemo;
			productReference = 1D50A0312147F0D8001BDAF3 /* TumblrDemo.app */;
			productType = "com.apple.product-type.application";
		};
/* End PBXNativeTarget section */

/* Begin PBXProject section */
		1D50A0292147F0D8001BDAF3 /* Project object */ = {
			isa = PBXProject;
			attributes = {
				LastSwiftUpdateCheck = 0940;
				LastUpgradeCheck = 0940;
				ORGANIZATIONNAME = "Hein Soe";
				TargetAttributes = {
					1D50A0302147F0D8001BDAF3 = {
						CreatedOnToolsVersion = 9.4.1;
					};
				};
			};
			buildConfigurationList = 1D50A02C2147F0D8001BDAF3 /* Build configuration list for PBXProject "TumblrDemo" */;
			compatibilityVersion = "Xcode 9.3";
			developmentRegion = en;
			hasScannedForEncodings = 0;
			knownRegions = (
				en,
				Base,
			);
			mainGroup = 1D50A0282147F0D8001BDAF3;
			productRefGroup = 1D50A0322147F0D8001BDAF3 /* Products */;
			projectDirPath = "";
			projectRoot = "";
			targets = (
				1D50A0302147F0D8001BDAF3 /* TumblrDemo */,
			);
		};
/* End PBXProject section */

/* Begin PBXResourcesBuildPhase section */
		1D50A02F2147F0D8001BDAF3 /* Resources */ = {
			isa = PBXResourcesBuildPhase;
			buildActionMask = 2147483647;
			files = (
				1D50A03F2147F0D9001BDAF3 /* LaunchScreen.storyboard in Resources */,
				1D50A03C2147F0D9001BDAF3 /* Assets.xcassets in Resources */,
				1D50A03A2147F0D8001BDAF3 /* Main.storyboard in Resources */,
			);
			runOnlyForDeploymentPostprocessing = 0;
		};
/* End PBXResourcesBuildPhase section */

/* Begin PBXShellScriptBuildPhase section */
		07BE4CD5AB4611AF1B0EC63F /* [CP] Check Pods Manifest.lock */ = {
			isa = PBXShellScriptBuildPhase;
			buildActionMask = 2147483647;
			files = (
			);
			inputPaths = (
				"${PODS_PODFILE_DIR_PATH}/Podfile.lock",
				"${PODS_ROOT}/Manifest.lock",
			);
			name = "[CP] Check Pods Manifest.lock";
			outputPaths = (
				"$(DERIVED_FILE_DIR)/Pods-TumblrDemo-checkManifestLockResult.txt",
			);
			runOnlyForDeploymentPostprocessing = 0;
			shellPath = /bin/sh;
			shellScript = "diff \"${PODS_PODFILE_DIR_PATH}/Podfile.lock\" \"${PODS_ROOT}/Manifest.lock\" > /dev/null\nif [ $? != 0 ] ; then\n    # print error to STDERR\n    echo \"error: The sandbox is not in sync with the Podfile.lock. Run 'pod install' or update your CocoaPods installation.\" >&2\n    exit 1\nfi\n# This output is used by Xcode 'outputs' to avoid re-running this script phase.\necho \"SUCCESS\" > \"${SCRIPT_OUTPUT_FILE_0}\"\n";
			showEnvVarsInLog = 0;
		};
		33FF8C7E8FD19E6B203B25AA /* [CP] Embed Pods Frameworks */ = {
			isa = PBXShellScriptBuildPhase;
			buildActionMask = 2147483647;
			files = (
			);
			inputPaths = (
				"${SRCROOT}/Pods/Target Support Files/Pods-TumblrDemo/Pods-TumblrDemo-frameworks.sh",
				"${BUILT_PRODUCTS_DIR}/Alamofire/Alamofire.framework",
				"${BUILT_PRODUCTS_DIR}/AlamofireImage/AlamofireImage.framework",
			);
			name = "[CP] Embed Pods Frameworks";
			outputPaths = (
				"${TARGET_BUILD_DIR}/${FRAMEWORKS_FOLDER_PATH}/Alamofire.framework",
				"${TARGET_BUILD_DIR}/${FRAMEWORKS_FOLDER_PATH}/AlamofireImage.framework",
			);
			runOnlyForDeploymentPostprocessing = 0;
			shellPath = /bin/sh;
			shellScript = "\"${SRCROOT}/Pods/Target Support Files/Pods-TumblrDemo/Pods-TumblrDemo-frameworks.sh\"\n";
			showEnvVarsInLog = 0;
		};
/* End PBXShellScriptBuildPhase section */

/* Begin PBXSourcesBuildPhase section */
		1D50A02D2147F0D8001BDAF3 /* Sources */ = {
			isa = PBXSourcesBuildPhase;
			buildActionMask = 2147483647;
			files = (
				1D50A0352147F0D8001BDAF3 /* AppDelegate.swift in Sources */,
				1D50A0472147F78E001BDAF3 /* PhotosViewController.swift in Sources */,
				1D50A049214809F7001BDAF3 /* PhotoTableViewCell.swift in Sources */,
				1D50A04B21482FE0001BDAF3 /* Extension.swift in Sources */,
			);
			runOnlyForDeploymentPostprocessing = 0;
		};
/* End PBXSourcesBuildPhase section */

/* Begin PBXVariantGroup section */
		1D50A0382147F0D8001BDAF3 /* Main.storyboard */ = {
			isa = PBXVariantGroup;
			children = (
				1D50A0392147F0D8001BDAF3 /* Base */,
			);
			name = Main.storyboard;
			sourceTree = "<group>";
		};
		1D50A03D2147F0D9001BDAF3 /* LaunchScreen.storyboard */ = {
			isa = PBXVariantGroup;
			children = (
				1D50A03E2147F0D9001BDAF3 /* Base */,
			);
			name = LaunchScreen.storyboard;
			sourceTree = "<group>";
		};
/* End PBXVariantGroup section */

/* Begin XCBuildConfiguration section */
		1D50A0412147F0D9001BDAF3 /* Debug */ = {
			isa = XCBuildConfiguration;
			buildSettings = {
				ALWAYS_SEARCH_USER_PATHS = NO;
				CLANG_ANALYZER_NONNULL = YES;
				CLANG_ANALYZER_NUMBER_OBJECT_CONVERSION = YES_AGGRESSIVE;
				CLANG_CXX_LANGUAGE_STANDARD = "gnu++14";
				CLANG_CXX_LIBRARY = "libc++";
				CLANG_ENABLE_MODULES = YES;
				CLANG_ENABLE_OBJC_ARC = YES;
				CLANG_ENABLE_OBJC_WEAK = YES;
				CLANG_WARN_BLOCK_CAPTURE_AUTORELEASING = YES;
				CLANG_WARN_BOOL_CONVERSION = YES;
				CLANG_WARN_COMMA = YES;
				CLANG_WARN_CONSTANT_CONVERSION = YES;
				CLANG_WARN_DEPRECATED_OBJC_IMPLEMENTATIONS = YES;
				CLANG_WARN_DIRECT_OBJC_ISA_USAGE = YES_ERROR;
				CLANG_WARN_DOCUMENTATION_COMMENTS = YES;
				CLANG_WARN_EMPTY_BODY = YES;
				CLANG_WARN_ENUM_CONVERSION = YES;
				CLANG_WARN_INFINITE_RECURSION = YES;
				CLANG_WARN_INT_CONVERSION = YES;
				CLANG_WARN_NON_LITERAL_NULL_CONVERSION = YES;
				CLANG_WARN_OBJC_IMPLICIT_RETAIN_SELF = YES;
				CLANG_WARN_OBJC_LITERAL_CONVERSION = YES;
				CLANG_WARN_OBJC_ROOT_CLASS = YES_ERROR;
				CLANG_WARN_RANGE_LOOP_ANALYSIS = YES;
				CLANG_WARN_STRICT_PROTOTYPES = YES;
				CLANG_WARN_SUSPICIOUS_MOVE = YES;
				CLANG_WARN_UNGUARDED_AVAILABILITY = YES_AGGRESSIVE;
				CLANG_WARN_UNREACHABLE_CODE = YES;
				CLANG_WARN__DUPLICATE_METHOD_MATCH = YES;
				CODE_SIGN_IDENTITY = "iPhone Developer";
				COPY_PHASE_STRIP = NO;
				DEBUG_INFORMATION_FORMAT = dwarf;
				ENABLE_STRICT_OBJC_MSGSEND = YES;
				ENABLE_TESTABILITY = YES;
				GCC_C_LANGUAGE_STANDARD = gnu11;
				GCC_DYNAMIC_NO_PIC = NO;
				GCC_NO_COMMON_BLOCKS = YES;
				GCC_OPTIMIZATION_LEVEL = 0;
				GCC_PREPROCESSOR_DEFINITIONS = (
					"DEBUG=1",
					"$(inherited)",
				);
				GCC_WARN_64_TO_32_BIT_CONVERSION = YES;
				GCC_WARN_ABOUT_RETURN_TYPE = YES_ERROR;
				GCC_WARN_UNDECLARED_SELECTOR = YES;
				GCC_WARN_UNINITIALIZED_AUTOS = YES_AGGRESSIVE;
				GCC_WARN_UNUSED_FUNCTION = YES;
				GCC_WARN_UNUSED_VARIABLE = YES;
				IPHONEOS_DEPLOYMENT_TARGET = 11.4;
				MTL_ENABLE_DEBUG_INFO = YES;
				ONLY_ACTIVE_ARCH = YES;
				SDKROOT = iphoneos;
				SWIFT_ACTIVE_COMPILATION_CONDITIONS = DEBUG;
				SWIFT_OPTIMIZATION_LEVEL = "-Onone";
			};
			name = Debug;
		};
		1D50A0422147F0D9001BDAF3 /* Release */ = {
			isa = XCBuildConfiguration;
			buildSettings = {
				ALWAYS_SEARCH_USER_PATHS = NO;
				CLANG_ANALYZER_NONNULL = YES;
				CLANG_ANALYZER_NUMBER_OBJECT_CONVERSION = YES_AGGRESSIVE;
				CLANG_CXX_LANGUAGE_STANDARD = "gnu++14";
				CLANG_CXX_LIBRARY = "libc++";
				CLANG_ENABLE_MODULES = YES;
				CLANG_ENABLE_OBJC_ARC = YES;
				CLANG_ENABLE_OBJC_WEAK = YES;
				CLANG_WARN_BLOCK_CAPTURE_AUTORELEASING = YES;
				CLANG_WARN_BOOL_CONVERSION = YES;
				CLANG_WARN_COMMA = YES;
				CLANG_WARN_CONSTANT_CONVERSION = YES;
				CLANG_WARN_DEPRECATED_OBJC_IMPLEMENTATIONS = YES;
				CLANG_WARN_DIRECT_OBJC_ISA_USAGE = YES_ERROR;
				CLANG_WARN_DOCUMENTATION_COMMENTS = YES;
				CLANG_WARN_EMPTY_BODY = YES;
				CLANG_WARN_ENUM_CONVERSION = YES;
				CLANG_WARN_INFINITE_RECURSION = YES;
				CLANG_WARN_INT_CONVERSION = YES;
				CLANG_WARN_NON_LITERAL_NULL_CONVERSION = YES;
				CLANG_WARN_OBJC_IMPLICIT_RETAIN_SELF = YES;
				CLANG_WARN_OBJC_LITERAL_CONVERSION = YES;
				CLANG_WARN_OBJC_ROOT_CLASS = YES_ERROR;
				CLANG_WARN_RANGE_LOOP_ANALYSIS = YES;
				CLANG_WARN_STRICT_PROTOTYPES = YES;
				CLANG_WARN_SUSPICIOUS_MOVE = YES;
				CLANG_WARN_UNGUARDED_AVAILABILITY = YES_AGGRESSIVE;
				CLANG_WARN_UNREACHABLE_CODE = YES;
				CLANG_WARN__DUPLICATE_METHOD_MATCH = YES;
				CODE_SIGN_IDENTITY = "iPhone Developer";
				COPY_PHASE_STRIP = NO;
				DEBUG_INFORMATION_FORMAT = "dwarf-with-dsym";
				ENABLE_NS_ASSERTIONS = NO;
				ENABLE_STRICT_OBJC_MSGSEND = YES;
				GCC_C_LANGUAGE_STANDARD = gnu11;
				GCC_NO_COMMON_BLOCKS = YES;
				GCC_WARN_64_TO_32_BIT_CONVERSION = YES;
				GCC_WARN_ABOUT_RETURN_TYPE = YES_ERROR;
				GCC_WARN_UNDECLARED_SELECTOR = YES;
				GCC_WARN_UNINITIALIZED_AUTOS = YES_AGGRESSIVE;
				GCC_WARN_UNUSED_FUNCTION = YES;
				GCC_WARN_UNUSED_VARIABLE = YES;
				IPHONEOS_DEPLOYMENT_TARGET = 11.4;
				MTL_ENABLE_DEBUG_INFO = NO;
				SDKROOT = iphoneos;
				SWIFT_COMPILATION_MODE = wholemodule;
				SWIFT_OPTIMIZATION_LEVEL = "-O";
				VALIDATE_PRODUCT = YES;
			};
			name = Release;
		};
		1D50A0442147F0D9001BDAF3 /* Debug */ = {
			isa = XCBuildConfiguration;
			baseConfigurationReference = 6F8F9D0FE6F8FE7A99B3679A /* Pods-TumblrDemo.debug.xcconfig */;
			buildSettings = {
				ASSETCATALOG_COMPILER_APPICON_NAME = AppIcon;
				CODE_SIGN_STYLE = Automatic;
				DEVELOPMENT_TEAM = JCL74KE567;
				INFOPLIST_FILE = TumblrDemo/Info.plist;
				LD_RUNPATH_SEARCH_PATHS = (
					"$(inherited)",
					"@executable_path/Frameworks",
				);
				PRODUCT_BUNDLE_IDENTIFIER = com.heinsoe.TumblrDemo;
				PRODUCT_NAME = "$(TARGET_NAME)";
				SWIFT_VERSION = 4.0;
				TARGETED_DEVICE_FAMILY = "1,2";
			};
			name = Debug;
		};
		1D50A0452147F0D9001BDAF3 /* Release */ = {
			isa = XCBuildConfiguration;
			baseConfigurationReference = FC1252B1117B73AE37D5EDEE /* Pods-TumblrDemo.release.xcconfig */;
			buildSettings = {
				ASSETCATALOG_COMPILER_APPICON_NAME = AppIcon;
				CODE_SIGN_STYLE = Automatic;
				DEVELOPMENT_TEAM = JCL74KE567;
				INFOPLIST_FILE = TumblrDemo/Info.plist;
				LD_RUNPATH_SEARCH_PATHS = (
					"$(inherited)",
					"@executable_path/Frameworks",
				);
				PRODUCT_BUNDLE_IDENTIFIER = com.heinsoe.TumblrDemo;
				PRODUCT_NAME = "$(TARGET_NAME)";
				SWIFT_VERSION = 4.0;
				TARGETED_DEVICE_FAMILY = "1,2";
			};
			name = Release;
		};
/* End XCBuildConfiguration section */

/* Begin XCConfigurationList section */
		1D50A02C2147F0D8001BDAF3 /* Build configuration list for PBXProject "TumblrDemo" */ = {
			isa = XCConfigurationList;
			buildConfigurations = (
				1D50A0412147F0D9001BDAF3 /* Debug */,
				1D50A0422147F0D9001BDAF3 /* Release */,
			);
			defaultConfigurationIsVisible = 0;
			defaultConfigurationName = Release;
		};
		1D50A0432147F0D9001BDAF3 /* Build configuration list for PBXNativeTarget "TumblrDemo" */ = {
			isa = XCConfigurationList;
			buildConfigurations = (
				1D50A0442147F0D9001BDAF3 /* Debug */,
				1D50A0452147F0D9001BDAF3 /* Release */,
			);
			defaultConfigurationIsVisible = 0;
			defaultConfigurationName = Release;
		};
/* End XCConfigurationList section */
	};
	rootObject = 1D50A0292147F0D8001BDAF3 /* Project object */;
}
